
Microsoft Visual Studio Solution File, Format Version 12.00
# Visual Studio Version 17
VisualStudioVersion = 17.14.36603.0
MinimumVisualStudioVersion = 10.0.40219.1
Project("{FAE04EC0-301F-11D3-BF4B-00C04F79EFBC}") = "Financas.Api", "Financas.Api\Financas.Api.csproj", "{CF4784A2-B427-4765-4333-DB4284E5781F}"
EndProject
Global
	GlobalSection(SolutionConfigurationPlatforms) = preSolution
		Debug|Any CPU = Debug|Any CPU
		Release|Any CPU = Release|Any CPU
	EndGlobalSection
	GlobalSection(ProjectConfigurationPlatforms) = postSolution
		{CF4784A2-B427-4765-4333-DB4284E5781F}.Debug|Any CPU.ActiveCfg = Debug|Any CPU
		{CF4784A2-B427-4765-4333-DB4284E5781F}.Debug|Any CPU.Build.0 = Debug|Any CPU
		{CF4784A2-B427-4765-4333-DB4284E5781F}.Release|Any CPU.ActiveCfg = Release|Any CPU
		{CF4784A2-B427-4765-4333-DB4284E5781F}.Release|Any CPU.Build.0 = Release|Any CPU
	EndGlobalSection
	GlobalSection(SolutionProperties) = preSolution
		HideSolutionNode = FALSE
	EndGlobalSection
	GlobalSection(ExtensibilityGlobals) = postSolution
		SolutionGuid = {F246ADFA-A0B9-479D-A60C-AD6788019574}
	EndGlobalSection
EndGlobal
