
Microsoft Visual Studio Solution File, Format Version 12.00
# Visual Studio Version 17
VisualStudioVersion = 17.14.36603.0
MinimumVisualStudioVersion = 10.0.40219.1
Project("{FAE04EC0-301F-11D3-BF4B-00C04F79EFBC}") = "Financas.Api", "Financas.Api.csproj", "{C2B760A1-9860-425A-8C1D-B242F3DA56B0}"
EndProject
Global
	GlobalSection(SolutionConfigurationPlatforms) = preSolution
		Debug|Any CPU = Debug|Any CPU
		Release|Any CPU = Release|Any CPU
	EndGlobalSection
	GlobalSection(ProjectConfigurationPlatforms) = postSolution
		{C2B760A1-9860-425A-8C1D-B242F3DA56B0}.Debug|Any CPU.ActiveCfg = Debug|Any CPU
		{C2B760A1-9860-425A-8C1D-B242F3DA56B0}.Debug|Any CPU.Build.0 = Debug|Any CPU
		{C2B760A1-9860-425A-8C1D-B242F3DA56B0}.Release|Any CPU.ActiveCfg = Release|Any CPU
		{C2B760A1-9860-425A-8C1D-B242F3DA56B0}.Release|Any CPU.Build.0 = Release|Any CPU
	EndGlobalSection
	GlobalSection(SolutionProperties) = preSolution
		HideSolutionNode = FALSE
	EndGlobalSection
	GlobalSection(ExtensibilityGlobals) = postSolution
		SolutionGuid = {9E017B9E-A0CD-4A3D-90A5-02EA30F615A8}
	EndGlobalSection
EndGlobal
